
Microsoft Visual Studio Solution File, Format Version 12.00
# Visual Studio Version 17
VisualStudioVersion = 17.2.32516.85
MinimumVisualStudioVersion = 10.0.40219.1
Project("{2150E333-8FDC-42A3-9474-1A3956D46DE8}") = "services", "services", "{2AC0686C-C1BD-452F-B26C-860C58623BC1}"
EndProject
Project("{2150E333-8FDC-42A3-9474-1A3956D46DE8}") = "Catalog", "Catalog", "{0D4F148D-FF80-4247-B861-D829F44FFB25}"
EndProject
Project("{9A19103F-16F7-4668-BE54-9A1E7A4F7556}") = "Catalog.API", "services\Catalog\Catalog.API\Catalog.API.csproj", "{4C0DD0F2-49E6-4579-8FB0-4708DA350BA6}"
EndProject
Project("{E53339B2-1760-4266-BCC7-CA923CBCF16C}") = "docker-compose", "docker-compose.dcproj", "{BC6E62B6-873C-4D8F-89A0-7BFB8377B2A4}"
EndProject
Project("{2150E333-8FDC-42A3-9474-1A3956D46DE8}") = "Basket", "Basket", "{38723222-AF8F-4E6B-8E1C-9EC0C499AF5C}"
EndProject
Project("{9A19103F-16F7-4668-BE54-9A1E7A4F7556}") = "Basket.API", "services\Basket\Basket.API\Basket.API.csproj", "{070C510A-69B6-43A9-8B48-024D82B6EA36}"
EndProject
Project("{2150E333-8FDC-42A3-9474-1A3956D46DE8}") = "Discount", "Discount", "{328FA3F9-FAE7-401D-876D-7091B4191977}"
EndProject
Project("{9A19103F-16F7-4668-BE54-9A1E7A4F7556}") = "Discount.API", "services\Discount\Discount.API\Discount.API.csproj", "{79F5DBB9-84DB-4245-BA12-EB10FA5194F7}"
EndProject
Project("{9A19103F-16F7-4668-BE54-9A1E7A4F7556}") = "Discount.Grpc", "services\Discount\Discount.Grpc\Discount.Grpc.csproj", "{693EF082-74D5-41C0-801F-E66461B86957}"
EndProject
Project("{2150E333-8FDC-42A3-9474-1A3956D46DE8}") = "Ordering", "Ordering", "{DA2D7995-0A5B-432F-976D-934BD8CA98E0}"
EndProject
Project("{9A19103F-16F7-4668-BE54-9A1E7A4F7556}") = "Ordering.API", "services\Ordering\Ordering.API\Ordering.API.csproj", "{F96EEAED-4BAA-4C16-97CF-E1C32F06669A}"
EndProject
Project("{9A19103F-16F7-4668-BE54-9A1E7A4F7556}") = "Ordering.Domain", "services\Ordering\Ordering.Domain\Ordering.Domain.csproj", "{20CE6F72-67D5-4E2F-883F-2433F1C0F2A8}"
EndProject
Project("{9A19103F-16F7-4668-BE54-9A1E7A4F7556}") = "Ordering.Infrastructure", "services\Ordering\Ordering.Infrastructure\Ordering.Infrastructure.csproj", "{851BEF19-EAF4-4912-BFA4-986B3A72535F}"
EndProject
Project("{9A19103F-16F7-4668-BE54-9A1E7A4F7556}") = "Ordering.Application", "services\Ordering\Ordering.Application\Ordering.Application.csproj", "{75104166-2952-4B52-BFED-FD823C915D42}"
EndProject
Project("{2150E333-8FDC-42A3-9474-1A3956D46DE8}") = "BuildingBlocks", "BuildingBlocks", "{253225D8-3660-4302-916D-4CCC6696744C}"
EndProject
Project("{FAE04EC0-301F-11D3-BF4B-00C04F79EFBC}") = "EventBus.Messages", "BuildingBlocks\EventBus.Messages\EventBus.Messages.csproj", "{13AE6E7F-CABA-4D7A-AF7A-898441F6B23F}"
EndProject
Global
	GlobalSection(SolutionConfigurationPlatforms) = preSolution
		Debug|Any CPU = Debug|Any CPU
		Release|Any CPU = Release|Any CPU
	EndGlobalSection
	GlobalSection(ProjectConfigurationPlatforms) = postSolution
		{4C0DD0F2-49E6-4579-8FB0-4708DA350BA6}.Debug|Any CPU.ActiveCfg = Debug|Any CPU
		{4C0DD0F2-49E6-4579-8FB0-4708DA350BA6}.Debug|Any CPU.Build.0 = Debug|Any CPU
		{4C0DD0F2-49E6-4579-8FB0-4708DA350BA6}.Release|Any CPU.ActiveCfg = Release|Any CPU
		{4C0DD0F2-49E6-4579-8FB0-4708DA350BA6}.Release|Any CPU.Build.0 = Release|Any CPU
		{BC6E62B6-873C-4D8F-89A0-7BFB8377B2A4}.Debug|Any CPU.ActiveCfg = Debug|Any CPU
		{BC6E62B6-873C-4D8F-89A0-7BFB8377B2A4}.Debug|Any CPU.Build.0 = Debug|Any CPU
		{BC6E62B6-873C-4D8F-89A0-7BFB8377B2A4}.Release|Any CPU.ActiveCfg = Release|Any CPU
		{BC6E62B6-873C-4D8F-89A0-7BFB8377B2A4}.Release|Any CPU.Build.0 = Release|Any CPU
		{070C510A-69B6-43A9-8B48-024D82B6EA36}.Debug|Any CPU.ActiveCfg = Debug|Any CPU
		{070C510A-69B6-43A9-8B48-024D82B6EA36}.Debug|Any CPU.Build.0 = Debug|Any CPU
		{070C510A-69B6-43A9-8B48-024D82B6EA36}.Release|Any CPU.ActiveCfg = Release|Any CPU
		{070C510A-69B6-43A9-8B48-024D82B6EA36}.Release|Any CPU.Build.0 = Release|Any CPU
		{79F5DBB9-84DB-4245-BA12-EB10FA5194F7}.Debug|Any CPU.ActiveCfg = Debug|Any CPU
		{79F5DBB9-84DB-4245-BA12-EB10FA5194F7}.Debug|Any CPU.Build.0 = Debug|Any CPU
		{79F5DBB9-84DB-4245-BA12-EB10FA5194F7}.Release|Any CPU.ActiveCfg = Release|Any CPU
		{79F5DBB9-84DB-4245-BA12-EB10FA5194F7}.Release|Any CPU.Build.0 = Release|Any CPU
		{693EF082-74D5-41C0-801F-E66461B86957}.Debug|Any CPU.ActiveCfg = Debug|Any CPU
		{693EF082-74D5-41C0-801F-E66461B86957}.Debug|Any CPU.Build.0 = Debug|Any CPU
		{693EF082-74D5-41C0-801F-E66461B86957}.Release|Any CPU.ActiveCfg = Release|Any CPU
		{693EF082-74D5-41C0-801F-E66461B86957}.Release|Any CPU.Build.0 = Release|Any CPU
		{F96EEAED-4BAA-4C16-97CF-E1C32F06669A}.Debug|Any CPU.ActiveCfg = Debug|Any CPU
		{F96EEAED-4BAA-4C16-97CF-E1C32F06669A}.Debug|Any CPU.Build.0 = Debug|Any CPU
		{F96EEAED-4BAA-4C16-97CF-E1C32F06669A}.Release|Any CPU.ActiveCfg = Release|Any CPU
		{F96EEAED-4BAA-4C16-97CF-E1C32F06669A}.Release|Any CPU.Build.0 = Release|Any CPU
		{20CE6F72-67D5-4E2F-883F-2433F1C0F2A8}.Debug|Any CPU.ActiveCfg = Debug|Any CPU
		{20CE6F72-67D5-4E2F-883F-2433F1C0F2A8}.Debug|Any CPU.Build.0 = Debug|Any CPU
		{20CE6F72-67D5-4E2F-883F-2433F1C0F2A8}.Release|Any CPU.ActiveCfg = Release|Any CPU
		{20CE6F72-67D5-4E2F-883F-2433F1C0F2A8}.Release|Any CPU.Build.0 = Release|Any CPU
		{851BEF19-EAF4-4912-BFA4-986B3A72535F}.Debug|Any CPU.ActiveCfg = Debug|Any CPU
		{851BEF19-EAF4-4912-BFA4-986B3A72535F}.Debug|Any CPU.Build.0 = Debug|Any CPU
		{851BEF19-EAF4-4912-BFA4-986B3A72535F}.Release|Any CPU.ActiveCfg = Release|Any CPU
		{851BEF19-EAF4-4912-BFA4-986B3A72535F}.Release|Any CPU.Build.0 = Release|Any CPU
		{75104166-2952-4B52-BFED-FD823C915D42}.Debug|Any CPU.ActiveCfg = Debug|Any CPU
		{75104166-2952-4B52-BFED-FD823C915D42}.Debug|Any CPU.Build.0 = Debug|Any CPU
		{75104166-2952-4B52-BFED-FD823C915D42}.Release|Any CPU.ActiveCfg = Release|Any CPU
		{75104166-2952-4B52-BFED-FD823C915D42}.Release|Any CPU.Build.0 = Release|Any CPU
		{13AE6E7F-CABA-4D7A-AF7A-898441F6B23F}.Debug|Any CPU.ActiveCfg = Debug|Any CPU
		{13AE6E7F-CABA-4D7A-AF7A-898441F6B23F}.Debug|Any CPU.Build.0 = Debug|Any CPU
		{13AE6E7F-CABA-4D7A-AF7A-898441F6B23F}.Release|Any CPU.ActiveCfg = Release|Any CPU
		{13AE6E7F-CABA-4D7A-AF7A-898441F6B23F}.Release|Any CPU.Build.0 = Release|Any CPU
	EndGlobalSection
	GlobalSection(SolutionProperties) = preSolution
		HideSolutionNode = FALSE
	EndGlobalSection
	GlobalSection(NestedProjects) = preSolution
		{0D4F148D-FF80-4247-B861-D829F44FFB25} = {2AC0686C-C1BD-452F-B26C-860C58623BC1}
		{4C0DD0F2-49E6-4579-8FB0-4708DA350BA6} = {0D4F148D-FF80-4247-B861-D829F44FFB25}
		{38723222-AF8F-4E6B-8E1C-9EC0C499AF5C} = {2AC0686C-C1BD-452F-B26C-860C58623BC1}
		{070C510A-69B6-43A9-8B48-024D82B6EA36} = {38723222-AF8F-4E6B-8E1C-9EC0C499AF5C}
		{328FA3F9-FAE7-401D-876D-7091B4191977} = {2AC0686C-C1BD-452F-B26C-860C58623BC1}
		{79F5DBB9-84DB-4245-BA12-EB10FA5194F7} = {328FA3F9-FAE7-401D-876D-7091B4191977}
		{693EF082-74D5-41C0-801F-E66461B86957} = {328FA3F9-FAE7-401D-876D-7091B4191977}
		{DA2D7995-0A5B-432F-976D-934BD8CA98E0} = {2AC0686C-C1BD-452F-B26C-860C58623BC1}
		{F96EEAED-4BAA-4C16-97CF-E1C32F06669A} = {DA2D7995-0A5B-432F-976D-934BD8CA98E0}
		{20CE6F72-67D5-4E2F-883F-2433F1C0F2A8} = {DA2D7995-0A5B-432F-976D-934BD8CA98E0}
		{851BEF19-EAF4-4912-BFA4-986B3A72535F} = {DA2D7995-0A5B-432F-976D-934BD8CA98E0}
		{75104166-2952-4B52-BFED-FD823C915D42} = {DA2D7995-0A5B-432F-976D-934BD8CA98E0}
		{13AE6E7F-CABA-4D7A-AF7A-898441F6B23F} = {253225D8-3660-4302-916D-4CCC6696744C}
	EndGlobalSection
	GlobalSection(ExtensibilityGlobals) = postSolution
		SolutionGuid = {3AC42D7A-5FAB-4ACC-84B5-281235F4CF1C}
	EndGlobalSection
EndGlobal
