
Microsoft Visual Studio Solution File, Format Version 12.00
# Visual Studio Version 17
VisualStudioVersion = 17.2.32516.85
MinimumVisualStudioVersion = 10.0.40219.1
Project("{2150E333-8FDC-42A3-9474-1A3956D46DE8}") = "services", "services", "{2AC0686C-C1BD-452F-B26C-860C58623BC1}"
EndProject
Project("{2150E333-8FDC-42A3-9474-1A3956D46DE8}") = "Catalog", "Catalog", "{0D4F148D-FF80-4247-B861-D829F44FFB25}"
EndProject
Project("{9A19103F-16F7-4668-BE54-9A1E7A4F7556}") = "Catalog.API", "services\Catalog\Catalog.API\Catalog.API.csproj", "{4C0DD0F2-49E6-4579-8FB0-4708DA350BA6}"
EndProject
Project("{E53339B2-1760-4266-BCC7-CA923CBCF16C}") = "docker-compose", "docker-compose.dcproj", "{BC6E62B6-873C-4D8F-89A0-7BFB8377B2A4}"
EndProject
Project("{2150E333-8FDC-42A3-9474-1A3956D46DE8}") = "Basket", "Basket", "{38723222-AF8F-4E6B-8E1C-9EC0C499AF5C}"
EndProject
Project("{9A19103F-16F7-4668-BE54-9A1E7A4F7556}") = "Basket.API", "services\Basket\Basket.API\Basket.API.csproj", "{070C510A-69B6-43A9-8B48-024D82B6EA36}"
EndProject
Project("{2150E333-8FDC-42A3-9474-1A3956D46DE8}") = "Discount", "Discount", "{328FA3F9-FAE7-401D-876D-7091B4191977}"
EndProject
Project("{FAE04EC0-301F-11D3-BF4B-00C04F79EFBC}") = "Discount.API", "..\Discount.API\Discount.API.csproj", "{A0233C1E-7FD2-441B-BE85-EA65CD8FC58B}"
EndProject
Global
	GlobalSection(SolutionConfigurationPlatforms) = preSolution
		Debug|Any CPU = Debug|Any CPU
		Release|Any CPU = Release|Any CPU
	EndGlobalSection
	GlobalSection(ProjectConfigurationPlatforms) = postSolution
		{4C0DD0F2-49E6-4579-8FB0-4708DA350BA6}.Debug|Any CPU.ActiveCfg = Debug|Any CPU
		{4C0DD0F2-49E6-4579-8FB0-4708DA350BA6}.Debug|Any CPU.Build.0 = Debug|Any CPU
		{4C0DD0F2-49E6-4579-8FB0-4708DA350BA6}.Release|Any CPU.ActiveCfg = Release|Any CPU
		{4C0DD0F2-49E6-4579-8FB0-4708DA350BA6}.Release|Any CPU.Build.0 = Release|Any CPU
		{BC6E62B6-873C-4D8F-89A0-7BFB8377B2A4}.Debug|Any CPU.ActiveCfg = Debug|Any CPU
		{BC6E62B6-873C-4D8F-89A0-7BFB8377B2A4}.Debug|Any CPU.Build.0 = Debug|Any CPU
		{BC6E62B6-873C-4D8F-89A0-7BFB8377B2A4}.Release|Any CPU.ActiveCfg = Release|Any CPU
		{BC6E62B6-873C-4D8F-89A0-7BFB8377B2A4}.Release|Any CPU.Build.0 = Release|Any CPU
		{070C510A-69B6-43A9-8B48-024D82B6EA36}.Debug|Any CPU.ActiveCfg = Debug|Any CPU
		{070C510A-69B6-43A9-8B48-024D82B6EA36}.Debug|Any CPU.Build.0 = Debug|Any CPU
		{070C510A-69B6-43A9-8B48-024D82B6EA36}.Release|Any CPU.ActiveCfg = Release|Any CPU
		{070C510A-69B6-43A9-8B48-024D82B6EA36}.Release|Any CPU.Build.0 = Release|Any CPU
		{A0233C1E-7FD2-441B-BE85-EA65CD8FC58B}.Debug|Any CPU.ActiveCfg = Debug|Any CPU
		{A0233C1E-7FD2-441B-BE85-EA65CD8FC58B}.Debug|Any CPU.Build.0 = Debug|Any CPU
		{A0233C1E-7FD2-441B-BE85-EA65CD8FC58B}.Release|Any CPU.ActiveCfg = Release|Any CPU
		{A0233C1E-7FD2-441B-BE85-EA65CD8FC58B}.Release|Any CPU.Build.0 = Release|Any CPU
	EndGlobalSection
	GlobalSection(SolutionProperties) = preSolution
		HideSolutionNode = FALSE
	EndGlobalSection
	GlobalSection(NestedProjects) = preSolution
		{0D4F148D-FF80-4247-B861-D829F44FFB25} = {2AC0686C-C1BD-452F-B26C-860C58623BC1}
		{4C0DD0F2-49E6-4579-8FB0-4708DA350BA6} = {0D4F148D-FF80-4247-B861-D829F44FFB25}
		{38723222-AF8F-4E6B-8E1C-9EC0C499AF5C} = {2AC0686C-C1BD-452F-B26C-860C58623BC1}
		{070C510A-69B6-43A9-8B48-024D82B6EA36} = {38723222-AF8F-4E6B-8E1C-9EC0C499AF5C}
		{328FA3F9-FAE7-401D-876D-7091B4191977} = {2AC0686C-C1BD-452F-B26C-860C58623BC1}
		{A0233C1E-7FD2-441B-BE85-EA65CD8FC58B} = {328FA3F9-FAE7-401D-876D-7091B4191977}
	EndGlobalSection
	GlobalSection(ExtensibilityGlobals) = postSolution
		SolutionGuid = {3AC42D7A-5FAB-4ACC-84B5-281235F4CF1C}
	EndGlobalSection
EndGlobal
